
Microsoft Visual Studio Solution File, Format Version 12.00
# Visual Studio Version 16
VisualStudioVersion = 25.0.1705.4
MinimumVisualStudioVersion = 10.0.40219.1
Project("{FAE04EC0-301F-11D3-BF4B-00C04F79EFBC}") = "assignment1", "assignment1\assignment1.csproj", "{03ED6223-CDB1-470D-9E41-07FD62CAC04A}"
EndProject
Global
	GlobalSection(SolutionConfigurationPlatforms) = preSolution
		Debug|Any CPU = Debug|Any CPU
		Release|Any CPU = Release|Any CPU
	EndGlobalSection
	GlobalSection(ProjectConfigurationPlatforms) = postSolution
		{03ED6223-CDB1-470D-9E41-07FD62CAC04A}.Debug|Any CPU.ActiveCfg = Debug|Any CPU
		{03ED6223-CDB1-470D-9E41-07FD62CAC04A}.Debug|Any CPU.Build.0 = Debug|Any CPU
		{03ED6223-CDB1-470D-9E41-07FD62CAC04A}.Release|Any CPU.ActiveCfg = Release|Any CPU
		{03ED6223-CDB1-470D-9E41-07FD62CAC04A}.Release|Any CPU.Build.0 = Release|Any CPU
	EndGlobalSection
	GlobalSection(SolutionProperties) = preSolution
		HideSolutionNode = FALSE
	EndGlobalSection
	GlobalSection(ExtensibilityGlobals) = postSolution
		SolutionGuid = {C62FD57D-447C-4933-8BF7-A27F0FE4877C}
	EndGlobalSection
EndGlobal
